
Microsoft Visual Studio Solution File, Format Version 12.00
# Visual Studio Version 16
VisualStudioVersion = 16.0.30104.148
MinimumVisualStudioVersion = 10.0.40219.1
Project("{00D1A9C2-B5F0-4AF3-8072-F6C62B433612}") = "TimsDinerDB", "TimsDinerDB\TimsDinerDB.sqlproj", "{E8481F30-FD45-45A8-9258-04C47C180F00}"
EndProject
Project("{9A19103F-16F7-4668-BE54-9A1E7A4F7556}") = "DataLibrary", "DataLibrary\DataLibrary.csproj", "{411A2944-5A0E-4EC3-B80C-3D7D8478CC2D}"
EndProject
Project("{9A19103F-16F7-4668-BE54-9A1E7A4F7556}") = "RPDemoApp", "RPDemoApp\RPDemoApp.csproj", "{D962F2F7-B792-4B45-A88B-2CC1F47675BE}"
EndProject
Project("{9A19103F-16F7-4668-BE54-9A1E7A4F7556}") = "MVCDemoApp", "MVCDemoApp\MVCDemoApp.csproj", "{E8C44244-513F-46CF-B027-06286D19498D}"
EndProject
Project("{FAE04EC0-301F-11D3-BF4B-00C04F79EFBC}") = "ApiDemoApp", "ApiDemoApp\ApiDemoApp.csproj", "{B14016CC-A970-464D-89E3-FD9197480C60}"
EndProject
Global
	GlobalSection(SolutionConfigurationPlatforms) = preSolution
		Debug|Any CPU = Debug|Any CPU
		Release|Any CPU = Release|Any CPU
	EndGlobalSection
	GlobalSection(ProjectConfigurationPlatforms) = postSolution
		{E8481F30-FD45-45A8-9258-04C47C180F00}.Debug|Any CPU.ActiveCfg = Debug|Any CPU
		{E8481F30-FD45-45A8-9258-04C47C180F00}.Debug|Any CPU.Build.0 = Debug|Any CPU
		{E8481F30-FD45-45A8-9258-04C47C180F00}.Debug|Any CPU.Deploy.0 = Debug|Any CPU
		{E8481F30-FD45-45A8-9258-04C47C180F00}.Release|Any CPU.ActiveCfg = Release|Any CPU
		{E8481F30-FD45-45A8-9258-04C47C180F00}.Release|Any CPU.Build.0 = Release|Any CPU
		{E8481F30-FD45-45A8-9258-04C47C180F00}.Release|Any CPU.Deploy.0 = Release|Any CPU
		{411A2944-5A0E-4EC3-B80C-3D7D8478CC2D}.Debug|Any CPU.ActiveCfg = Debug|Any CPU
		{411A2944-5A0E-4EC3-B80C-3D7D8478CC2D}.Debug|Any CPU.Build.0 = Debug|Any CPU
		{411A2944-5A0E-4EC3-B80C-3D7D8478CC2D}.Release|Any CPU.ActiveCfg = Release|Any CPU
		{411A2944-5A0E-4EC3-B80C-3D7D8478CC2D}.Release|Any CPU.Build.0 = Release|Any CPU
		{D962F2F7-B792-4B45-A88B-2CC1F47675BE}.Debug|Any CPU.ActiveCfg = Debug|Any CPU
		{D962F2F7-B792-4B45-A88B-2CC1F47675BE}.Debug|Any CPU.Build.0 = Debug|Any CPU
		{D962F2F7-B792-4B45-A88B-2CC1F47675BE}.Release|Any CPU.ActiveCfg = Release|Any CPU
		{D962F2F7-B792-4B45-A88B-2CC1F47675BE}.Release|Any CPU.Build.0 = Release|Any CPU
		{E8C44244-513F-46CF-B027-06286D19498D}.Debug|Any CPU.ActiveCfg = Debug|Any CPU
		{E8C44244-513F-46CF-B027-06286D19498D}.Debug|Any CPU.Build.0 = Debug|Any CPU
		{E8C44244-513F-46CF-B027-06286D19498D}.Release|Any CPU.ActiveCfg = Release|Any CPU
		{E8C44244-513F-46CF-B027-06286D19498D}.Release|Any CPU.Build.0 = Release|Any CPU
		{B14016CC-A970-464D-89E3-FD9197480C60}.Debug|Any CPU.ActiveCfg = Debug|Any CPU
		{B14016CC-A970-464D-89E3-FD9197480C60}.Debug|Any CPU.Build.0 = Debug|Any CPU
		{B14016CC-A970-464D-89E3-FD9197480C60}.Release|Any CPU.ActiveCfg = Release|Any CPU
		{B14016CC-A970-464D-89E3-FD9197480C60}.Release|Any CPU.Build.0 = Release|Any CPU
	EndGlobalSection
	GlobalSection(SolutionProperties) = preSolution
		HideSolutionNode = FALSE
	EndGlobalSection
	GlobalSection(ExtensibilityGlobals) = postSolution
		SolutionGuid = {A11D7C7D-DA82-4CD6-B55E-050C72795683}
	EndGlobalSection
EndGlobal
